{
  "name": "wuzhui-helper",
  "version": "1.0.0",
  "lockfileVersion": 1,
  "requires": true,
  "dependencies": {
    "maishu-dilu": {
      "version": "1.0.2",
      "resolved": "https://registry.npmjs.org/maishu-dilu/-/maishu-dilu-1.0.2.tgz",
      "integrity": "sha512-zWPxSrTwutr/W6CH0Ht1RgSizrprR/YztGJq82Q30rhoHWz3obki+nG7fIGWyTIBxjgGOMAk8CuKEUJZmqfKfA=="
    },
    "maishu-ui-toolkit": {
      "version": "1.0.1",
      "resolved": "https://registry.npmjs.org/maishu-ui-toolkit/-/maishu-ui-toolkit-1.0.1.tgz",
      "integrity": "sha512-Lh6vBJ/OX3de6Sp+WRgsBLVScWiFLwSVXhS4T1d1wqLFxDcKe9GOVLS2u+fxQ1+VSZbC0//iu6n89KvEfeeAcw=="
    },
    "maishu-wuzhui": {
      "version": "1.1.3",
      "resolved": "https://registry.npmjs.org/maishu-wuzhui/-/maishu-wuzhui-1.1.3.tgz",
      "integrity": "sha512-gGQEjMXsSNp46I+HL4nrMH4tXJxyM/D7nYm6ry0oNeGFgnCVTOV8KJKpB9wMV7AM9pAH93Ff1E5ZwcfHDb14bw=="
    }
  }
}
